
Microsoft Visual Studio Solution File, Format Version 12.00
# Visual Studio Version 16
VisualStudioVersion = 16.0.32106.194
MinimumVisualStudioVersion = 10.0.40219.1
Project("{FAE04EC0-301F-11D3-BF4B-00C04F79EFBC}") = "WindowsFormsApp5'", "WindowsFormsApp5'\WindowsFormsApp5'.csproj", "{DA465395-100F-4847-B1EC-583ED6A47F6C}"
EndProject
Global
	GlobalSection(SolutionConfigurationPlatforms) = preSolution
		Debug|Any CPU = Debug|Any CPU
		Release|Any CPU = Release|Any CPU
	EndGlobalSection
	GlobalSection(ProjectConfigurationPlatforms) = postSolution
		{DA465395-100F-4847-B1EC-583ED6A47F6C}.Debug|Any CPU.ActiveCfg = Debug|Any CPU
		{DA465395-100F-4847-B1EC-583ED6A47F6C}.Debug|Any CPU.Build.0 = Debug|Any CPU
		{DA465395-100F-4847-B1EC-583ED6A47F6C}.Release|Any CPU.ActiveCfg = Release|Any CPU
		{DA465395-100F-4847-B1EC-583ED6A47F6C}.Release|Any CPU.Build.0 = Release|Any CPU
	EndGlobalSection
	GlobalSection(SolutionProperties) = preSolution
		HideSolutionNode = FALSE
	EndGlobalSection
	GlobalSection(ExtensibilityGlobals) = postSolution
		SolutionGuid = {B60AA6D4-5FAE-414A-863C-318BAED26C18}
	EndGlobalSection
EndGlobal
